Microsoft Visual Studio Solution File, Format Version 12.00
# 
Project("{2150E333-8FDC-42A3-9474-1A3956D46DE8}") = "BTCPay", "BTCPay", "{D455DCEA-D0E4-49CD-9ECC-5CFEDE9B3C61}"
EndProject
Project("{FAE04EC0-301F-11D3-BF4B-00C04F79EFBC}") = "BTCPayServer", "submodules\btcpayserver\BTCPayServer\BTCPayServer.csproj", "{BC92B9A2-FC8F-426D-8BBF-15EE629386A8}"
EndProject
Project("{FAE04EC0-301F-11D3-BF4B-00C04F79EFBC}") = "BTCPayServer.Abstractions", "submodules\btcpayserver\BTCPayServer.Abstractions\BTCPayServer.Abstractions.csproj", "{449D03CE-CC73-435B-B2C1-A6A416804A21}"
EndProject
Project("{FAE04EC0-301F-11D3-BF4B-00C04F79EFBC}") = "BTCPayServer.Client", "submodules\btcpayserver\BTCPayServer.Client\BTCPayServer.Client.csproj", "{1DD48D65-17B1-4DF4-A364-41324EC2AB22}"
EndProject
Project("{FAE04EC0-301F-11D3-BF4B-00C04F79EFBC}") = "BTCPayServer.Common", "submodules\btcpayserver\BTCPayServer.Common\BTCPayServer.Common.csproj", "{636341F4-03F1-40E1-B1C3-46CED416F109}"
EndProject
Project("{FAE04EC0-301F-11D3-BF4B-00C04F79EFBC}") = "BTCPayServer.Data", "submodules\btcpayserver\BTCPayServer.Data\BTCPayServer.Data.csproj", "{7C176ED9-559E-4506-A3B3-6FF56F592CDC}"
EndProject
Project("{FAE04EC0-301F-11D3-BF4B-00C04F79EFBC}") = "BTCPayServer.Rating", "submodules\btcpayserver\BTCPayServer.Rating\BTCPayServer.Rating.csproj", "{AC0A0479-C487-413C-ABAC-01564AEAC4A8}"
EndProject
Project("{FAE04EC0-301F-11D3-BF4B-00C04F79EFBC}") = "BTCPayServer.Tests", "submodules\btcpayserver\BTCPayServer.Tests\BTCPayServer.Tests.csproj", "{DA222C3F-5540-43B5-9D2F-A3D06A655A80}"
EndProject
Project("{FAE04EC0-301F-11D3-BF4B-00C04F79EFBC}") = "BTCPayServer.PluginPacker", "submodules\btcpayserver\BTCPayServer.PluginPacker\BTCPayServer.PluginPacker.csproj", "{5154C93F-69E4-4CA6-8ACD-44C140BE6CBD}"
EndProject
Project("{FAE04EC0-301F-11D3-BF4B-00C04F79EFBC}") = "ConfigBuilder", "ConfigBuilder\ConfigBuilder.csproj", "{DA6B20E5-5354-49D8-819B-76A3A6686429}"
EndProject
Project("{2150E333-8FDC-42A3-9474-1A3956D46DE8}") = "Plugins", "Plugins", "{07D57EEB-2F50-60C4-C011-FE4FA775C9A8}"
EndProject
Project("{FAE04EC0-301F-11D3-BF4B-00C04F79EFBC}") = "SamRockProtocol", "Plugins\SamRockProtocol\SamRockProtocol.csproj", "{427E9619-9D34-4DC8-A376-4804293207BE}"
EndProject
Global
	GlobalSection(SolutionConfigurationPlatforms) = preSolution
		Debug|Any CPU = Debug|Any CPU
		Debug|x64 = Debug|x64
		Debug|x86 = Debug|x86
		Release|Any CPU = Release|Any CPU
		Release|x64 = Release|x64
		Release|x86 = Release|x86
	EndGlobalSection
	GlobalSection(ProjectConfigurationPlatforms) = postSolution
		{427E9619-9D34-4DC8-A376-4804293207BE}.Debug|Any CPU.ActiveCfg = Debug|Any CPU
		{427E9619-9D34-4DC8-A376-4804293207BE}.Debug|Any CPU.Build.0 = Debug|Any CPU
		{427E9619-9D34-4DC8-A376-4804293207BE}.Debug|x64.ActiveCfg = Debug|Any CPU
		{427E9619-9D34-4DC8-A376-4804293207BE}.Debug|x64.Build.0 = Debug|Any CPU
		{427E9619-9D34-4DC8-A376-4804293207BE}.Debug|x86.ActiveCfg = Debug|Any CPU
		{427E9619-9D34-4DC8-A376-4804293207BE}.Debug|x86.Build.0 = Debug|Any CPU
		{427E9619-9D34-4DC8-A376-4804293207BE}.Release|Any CPU.ActiveCfg = Release|Any CPU
		{427E9619-9D34-4DC8-A376-4804293207BE}.Release|Any CPU.Build.0 = Release|Any CPU
		{427E9619-9D34-4DC8-A376-4804293207BE}.Release|x64.ActiveCfg = Release|Any CPU
		{427E9619-9D34-4DC8-A376-4804293207BE}.Release|x64.Build.0 = Release|Any CPU
		{427E9619-9D34-4DC8-A376-4804293207BE}.Release|x86.ActiveCfg = Release|Any CPU
		{427E9619-9D34-4DC8-A376-4804293207BE}.Release|x86.Build.0 = Release|Any CPU
		{BC92B9A2-FC8F-426D-8BBF-15EE629386A8}.Debug|Any CPU.ActiveCfg = Debug|Any CPU
		{BC92B9A2-FC8F-426D-8BBF-15EE629386A8}.Debug|Any CPU.Build.0 = Debug|Any CPU
		{BC92B9A2-FC8F-426D-8BBF-15EE629386A8}.Debug|x64.ActiveCfg = Debug|Any CPU
		{BC92B9A2-FC8F-426D-8BBF-15EE629386A8}.Debug|x64.Build.0 = Debug|Any CPU
		{BC92B9A2-FC8F-426D-8BBF-15EE629386A8}.Debug|x86.ActiveCfg = Debug|Any CPU
		{BC92B9A2-FC8F-426D-8BBF-15EE629386A8}.Debug|x86.Build.0 = Debug|Any CPU
		{BC92B9A2-FC8F-426D-8BBF-15EE629386A8}.Release|Any CPU.ActiveCfg = Release|Any CPU
		{BC92B9A2-FC8F-426D-8BBF-15EE629386A8}.Release|Any CPU.Build.0 = Release|Any CPU
		{BC92B9A2-FC8F-426D-8BBF-15EE629386A8}.Release|x64.ActiveCfg = Release|Any CPU
		{BC92B9A2-FC8F-426D-8BBF-15EE629386A8}.Release|x64.Build.0 = Release|Any CPU
		{BC92B9A2-FC8F-426D-8BBF-15EE629386A8}.Release|x86.ActiveCfg = Release|Any CPU
		{BC92B9A2-FC8F-426D-8BBF-15EE629386A8}.Release|x86.Build.0 = Release|Any CPU
		{449D03CE-CC73-435B-B2C1-A6A416804A21}.Debug|Any CPU.ActiveCfg = Debug|Any CPU
		{449D03CE-CC73-435B-B2C1-A6A416804A21}.Debug|Any CPU.Build.0 = Debug|Any CPU
		{449D03CE-CC73-435B-B2C1-A6A416804A21}.Debug|x64.ActiveCfg = Debug|Any CPU
		{449D03CE-CC73-435B-B2C1-A6A416804A21}.Debug|x64.Build.0 = Debug|Any CPU
		{449D03CE-CC73-435B-B2C1-A6A416804A21}.Debug|x86.ActiveCfg = Debug|Any CPU
		{449D03CE-CC73-435B-B2C1-A6A416804A21}.Debug|x86.Build.0 = Debug|Any CPU
		{449D03CE-CC73-435B-B2C1-A6A416804A21}.Release|Any CPU.ActiveCfg = Release|Any CPU
		{449D03CE-CC73-435B-B2C1-A6A416804A21}.Release|Any CPU.Build.0 = Release|Any CPU
		{449D03CE-CC73-435B-B2C1-A6A416804A21}.Release|x64.ActiveCfg = Release|Any CPU
		{449D03CE-CC73-435B-B2C1-A6A416804A21}.Release|x64.Build.0 = Release|Any CPU
		{449D03CE-CC73-435B-B2C1-A6A416804A21}.Release|x86.ActiveCfg = Release|Any CPU
		{449D03CE-CC73-435B-B2C1-A6A416804A21}.Release|x86.Build.0 = Release|Any CPU
		{1DD48D65-17B1-4DF4-A364-41324EC2AB22}.Debug|Any CPU.ActiveCfg = Debug|Any CPU
		{1DD48D65-17B1-4DF4-A364-41324EC2AB22}.Debug|Any CPU.Build.0 = Debug|Any CPU
		{1DD48D65-17B1-4DF4-A364-41324EC2AB22}.Debug|x64.ActiveCfg = Debug|Any CPU
		{1DD48D65-17B1-4DF4-A364-41324EC2AB22}.Debug|x64.Build.0 = Debug|Any CPU
		{1DD48D65-17B1-4DF4-A364-41324EC2AB22}.Debug|x86.ActiveCfg = Debug|Any CPU
		{1DD48D65-17B1-4DF4-A364-41324EC2AB22}.Debug|x86.Build.0 = Debug|Any CPU
		{1DD48D65-17B1-4DF4-A364-41324EC2AB22}.Release|Any CPU.ActiveCfg = Release|Any CPU
		{1DD48D65-17B1-4DF4-A364-41324EC2AB22}.Release|Any CPU.Build.0 = Release|Any CPU
		{1DD48D65-17B1-4DF4-A364-41324EC2AB22}.Release|x64.ActiveCfg = Release|Any CPU
		{1DD48D65-17B1-4DF4-A364-41324EC2AB22}.Release|x64.Build.0 = Release|Any CPU
		{1DD48D65-17B1-4DF4-A364-41324EC2AB22}.Release|x86.ActiveCfg = Release|Any CPU
		{1DD48D65-17B1-4DF4-A364-41324EC2AB22}.Release|x86.Build.0 = Release|Any CPU
		{636341F4-03F1-40E1-B1C3-46CED416F109}.Debug|Any CPU.ActiveCfg = Debug|Any CPU
		{636341F4-03F1-40E1-B1C3-46CED416F109}.Debug|Any CPU.Build.0 = Debug|Any CPU
		{636341F4-03F1-40E1-B1C3-46CED416F109}.Debug|x64.ActiveCfg = Debug|Any CPU
		{636341F4-03F1-40E1-B1C3-46CED416F109}.Debug|x64.Build.0 = Debug|Any CPU
		{636341F4-03F1-40E1-B1C3-46CED416F109}.Debug|x86.ActiveCfg = Debug|Any CPU
		{636341F4-03F1-40E1-B1C3-46CED416F109}.Debug|x86.Build.0 = Debug|Any CPU
		{636341F4-03F1-40E1-B1C3-46CED416F109}.Release|Any CPU.ActiveCfg = Release|Any CPU
		{636341F4-03F1-40E1-B1C3-46CED416F109}.Release|Any CPU.Build.0 = Release|Any CPU
		{636341F4-03F1-40E1-B1C3-46CED416F109}.Release|x64.ActiveCfg = Release|Any CPU
		{636341F4-03F1-40E1-B1C3-46CED416F109}.Release|x64.Build.0 = Release|Any CPU
		{636341F4-03F1-40E1-B1C3-46CED416F109}.Release|x86.ActiveCfg = Release|Any CPU
		{636341F4-03F1-40E1-B1C3-46CED416F109}.Release|x86.Build.0 = Release|Any CPU
		{7C176ED9-559E-4506-A3B3-6FF56F592CDC}.Debug|Any CPU.ActiveCfg = Debug|Any CPU
		{7C176ED9-559E-4506-A3B3-6FF56F592CDC}.Debug|Any CPU.Build.0 = Debug|Any CPU
		{7C176ED9-559E-4506-A3B3-6FF56F592CDC}.Debug|x64.ActiveCfg = Debug|Any CPU
		{7C176ED9-559E-4506-A3B3-6FF56F592CDC}.Debug|x64.Build.0 = Debug|Any CPU
		{7C176ED9-559E-4506-A3B3-6FF56F592CDC}.Debug|x86.ActiveCfg = Debug|Any CPU
		{7C176ED9-559E-4506-A3B3-6FF56F592CDC}.Debug|x86.Build.0 = Debug|Any CPU
		{7C176ED9-559E-4506-A3B3-6FF56F592CDC}.Release|Any CPU.ActiveCfg = Release|Any CPU
		{7C176ED9-559E-4506-A3B3-6FF56F592CDC}.Release|Any CPU.Build.0 = Release|Any CPU
		{7C176ED9-559E-4506-A3B3-6FF56F592CDC}.Release|x64.ActiveCfg = Release|Any CPU
		{7C176ED9-559E-4506-A3B3-6FF56F592CDC}.Release|x64.Build.0 = Release|Any CPU
		{7C176ED9-559E-4506-A3B3-6FF56F592CDC}.Release|x86.ActiveCfg = Release|Any CPU
		{7C176ED9-559E-4506-A3B3-6FF56F592CDC}.Release|x86.Build.0 = Release|Any CPU
		{AC0A0479-C487-413C-ABAC-01564AEAC4A8}.Debug|Any CPU.ActiveCfg = Debug|Any CPU
		{AC0A0479-C487-413C-ABAC-01564AEAC4A8}.Debug|Any CPU.Build.0 = Debug|Any CPU
		{AC0A0479-C487-413C-ABAC-01564AEAC4A8}.Debug|x64.ActiveCfg = Debug|Any CPU
		{AC0A0479-C487-413C-ABAC-01564AEAC4A8}.Debug|x64.Build.0 = Debug|Any CPU
		{AC0A0479-C487-413C-ABAC-01564AEAC4A8}.Debug|x86.ActiveCfg = Debug|Any CPU
		{AC0A0479-C487-413C-ABAC-01564AEAC4A8}.Debug|x86.Build.0 = Debug|Any CPU
		{AC0A0479-C487-413C-ABAC-01564AEAC4A8}.Release|Any CPU.ActiveCfg = Release|Any CPU
		{AC0A0479-C487-413C-ABAC-01564AEAC4A8}.Release|Any CPU.Build.0 = Release|Any CPU
		{AC0A0479-C487-413C-ABAC-01564AEAC4A8}.Release|x64.ActiveCfg = Release|Any CPU
		{AC0A0479-C487-413C-ABAC-01564AEAC4A8}.Release|x64.Build.0 = Release|Any CPU
		{AC0A0479-C487-413C-ABAC-01564AEAC4A8}.Release|x86.ActiveCfg = Release|Any CPU
		{AC0A0479-C487-413C-ABAC-01564AEAC4A8}.Release|x86.Build.0 = Release|Any CPU
		{DA222C3F-5540-43B5-9D2F-A3D06A655A80}.Debug|Any CPU.ActiveCfg = Debug|Any CPU
		{DA222C3F-5540-43B5-9D2F-A3D06A655A80}.Debug|Any CPU.Build.0 = Debug|Any CPU
		{DA222C3F-5540-43B5-9D2F-A3D06A655A80}.Debug|x64.ActiveCfg = Debug|Any CPU
		{DA222C3F-5540-43B5-9D2F-A3D06A655A80}.Debug|x64.Build.0 = Debug|Any CPU
		{DA222C3F-5540-43B5-9D2F-A3D06A655A80}.Debug|x86.ActiveCfg = Debug|Any CPU
		{DA222C3F-5540-43B5-9D2F-A3D06A655A80}.Debug|x86.Build.0 = Debug|Any CPU
		{DA222C3F-5540-43B5-9D2F-A3D06A655A80}.Release|Any CPU.ActiveCfg = Release|Any CPU
		{DA222C3F-5540-43B5-9D2F-A3D06A655A80}.Release|Any CPU.Build.0 = Release|Any CPU
		{DA222C3F-5540-43B5-9D2F-A3D06A655A80}.Release|x64.ActiveCfg = Release|Any CPU
		{DA222C3F-5540-43B5-9D2F-A3D06A655A80}.Release|x64.Build.0 = Release|Any CPU
		{DA222C3F-5540-43B5-9D2F-A3D06A655A80}.Release|x86.ActiveCfg = Release|Any CPU
		{DA222C3F-5540-43B5-9D2F-A3D06A655A80}.Release|x86.Build.0 = Release|Any CPU
		{5154C93F-69E4-4CA6-8ACD-44C140BE6CBD}.Debug|Any CPU.ActiveCfg = Debug|Any CPU
		{5154C93F-69E4-4CA6-8ACD-44C140BE6CBD}.Debug|Any CPU.Build.0 = Debug|Any CPU
		{5154C93F-69E4-4CA6-8ACD-44C140BE6CBD}.Debug|x64.ActiveCfg = Debug|Any CPU
		{5154C93F-69E4-4CA6-8ACD-44C140BE6CBD}.Debug|x64.Build.0 = Debug|Any CPU
		{5154C93F-69E4-4CA6-8ACD-44C140BE6CBD}.Debug|x86.ActiveCfg = Debug|Any CPU
		{5154C93F-69E4-4CA6-8ACD-44C140BE6CBD}.Debug|x86.Build.0 = Debug|Any CPU
		{5154C93F-69E4-4CA6-8ACD-44C140BE6CBD}.Release|Any CPU.ActiveCfg = Release|Any CPU
		{5154C93F-69E4-4CA6-8ACD-44C140BE6CBD}.Release|Any CPU.Build.0 = Release|Any CPU
		{5154C93F-69E4-4CA6-8ACD-44C140BE6CBD}.Release|x64.ActiveCfg = Release|Any CPU
		{5154C93F-69E4-4CA6-8ACD-44C140BE6CBD}.Release|x64.Build.0 = Release|Any CPU
		{5154C93F-69E4-4CA6-8ACD-44C140BE6CBD}.Release|x86.ActiveCfg = Release|Any CPU
		{5154C93F-69E4-4CA6-8ACD-44C140BE6CBD}.Release|x86.Build.0 = Release|Any CPU
		{DA6B20E5-5354-49D8-819B-76A3A6686429}.Debug|Any CPU.ActiveCfg = Debug|Any CPU
		{DA6B20E5-5354-49D8-819B-76A3A6686429}.Debug|Any CPU.Build.0 = Debug|Any CPU
		{DA6B20E5-5354-49D8-819B-76A3A6686429}.Debug|x64.ActiveCfg = Debug|Any CPU
		{DA6B20E5-5354-49D8-819B-76A3A6686429}.Debug|x64.Build.0 = Debug|Any CPU
		{DA6B20E5-5354-49D8-819B-76A3A6686429}.Debug|x86.ActiveCfg = Debug|Any CPU
		{DA6B20E5-5354-49D8-819B-76A3A6686429}.Debug|x86.Build.0 = Debug|Any CPU
		{DA6B20E5-5354-49D8-819B-76A3A6686429}.Release|Any CPU.ActiveCfg = Release|Any CPU
		{DA6B20E5-5354-49D8-819B-76A3A6686429}.Release|Any CPU.Build.0 = Release|Any CPU
		{DA6B20E5-5354-49D8-819B-76A3A6686429}.Release|x64.ActiveCfg = Release|Any CPU
		{DA6B20E5-5354-49D8-819B-76A3A6686429}.Release|x64.Build.0 = Release|Any CPU
		{DA6B20E5-5354-49D8-819B-76A3A6686429}.Release|x86.ActiveCfg = Release|Any CPU
		{DA6B20E5-5354-49D8-819B-76A3A6686429}.Release|x86.Build.0 = Release|Any CPU
	EndGlobalSection
	GlobalSection(SolutionProperties) = preSolution
		HideSolutionNode = FALSE
	EndGlobalSection
	GlobalSection(NestedProjects) = preSolution
		{BC92B9A2-FC8F-426D-8BBF-15EE629386A8} = {D455DCEA-D0E4-49CD-9ECC-5CFEDE9B3C61}
		{449D03CE-CC73-435B-B2C1-A6A416804A21} = {D455DCEA-D0E4-49CD-9ECC-5CFEDE9B3C61}
		{1DD48D65-17B1-4DF4-A364-41324EC2AB22} = {D455DCEA-D0E4-49CD-9ECC-5CFEDE9B3C61}
		{636341F4-03F1-40E1-B1C3-46CED416F109} = {D455DCEA-D0E4-49CD-9ECC-5CFEDE9B3C61}
		{7C176ED9-559E-4506-A3B3-6FF56F592CDC} = {D455DCEA-D0E4-49CD-9ECC-5CFEDE9B3C61}
		{AC0A0479-C487-413C-ABAC-01564AEAC4A8} = {D455DCEA-D0E4-49CD-9ECC-5CFEDE9B3C61}
		{DA222C3F-5540-43B5-9D2F-A3D06A655A80} = {D455DCEA-D0E4-49CD-9ECC-5CFEDE9B3C61}
		{5154C93F-69E4-4CA6-8ACD-44C140BE6CBD} = {D455DCEA-D0E4-49CD-9ECC-5CFEDE9B3C61}
		{427E9619-9D34-4DC8-A376-4804293207BE} = {07D57EEB-2F50-60C4-C011-FE4FA775C9A8}
	EndGlobalSection
EndGlobal
